
Microsoft Visual Studio Solution File, Format Version 11.00
# Visual C# Express 2010
Project("{FAE04EC0-301F-11D3-BF4B-00C04F79EFBC}") = "switch part 3", "switch part 3\switch part 3.csproj", "{FB4EC4A6-D489-421A-9E75-E7DCACBE4DA0}"
EndProject
Global
	GlobalSection(SolutionConfigurationPlatforms) = preSolution
		Debug|x86 = Debug|x86
		Release|x86 = Release|x86
	EndGlobalSection
	GlobalSection(ProjectConfigurationPlatforms) = postSolution
		{FB4EC4A6-D489-421A-9E75-E7DCACBE4DA0}.Debug|x86.ActiveCfg = Debug|x86
		{FB4EC4A6-D489-421A-9E75-E7DCACBE4DA0}.Debug|x86.Build.0 = Debug|x86
		{FB4EC4A6-D489-421A-9E75-E7DCACBE4DA0}.Release|x86.ActiveCfg = Release|x86
		{FB4EC4A6-D489-421A-9E75-E7DCACBE4DA0}.Release|x86.Build.0 = Release|x86
	EndGlobalSection
	GlobalSection(SolutionProperties) = preSolution
		HideSolutionNode = FALSE
	EndGlobalSection
EndGlobal
