
Microsoft Visual Studio Solution File, Format Version 11.00
# Visual C# Express 2010
Project("{FAE04EC0-301F-11D3-BF4B-00C04F79EFBC}") = "FOR 5", "FOR 5\FOR 5.csproj", "{CB4CF650-FD01-4DE9-9F41-3382B262DAED}"
EndProject
Global
	GlobalSection(SolutionConfigurationPlatforms) = preSolution
		Debug|x86 = Debug|x86
		Release|x86 = Release|x86
	EndGlobalSection
	GlobalSection(ProjectConfigurationPlatforms) = postSolution
		{CB4CF650-FD01-4DE9-9F41-3382B262DAED}.Debug|x86.ActiveCfg = Debug|x86
		{CB4CF650-FD01-4DE9-9F41-3382B262DAED}.Debug|x86.Build.0 = Debug|x86
		{CB4CF650-FD01-4DE9-9F41-3382B262DAED}.Release|x86.ActiveCfg = Release|x86
		{CB4CF650-FD01-4DE9-9F41-3382B262DAED}.Release|x86.Build.0 = Release|x86
	EndGlobalSection
	GlobalSection(SolutionProperties) = preSolution
		HideSolutionNode = FALSE
	EndGlobalSection
EndGlobal
