
Microsoft Visual Studio Solution File, Format Version 11.00
# Visual C# Express 2010
Project("{FAE04EC0-301F-11D3-BF4B-00C04F79EFBC}") = "for loop 7", "for loop 7\for loop 7.csproj", "{AA3021D4-6D71-4C51-BE77-30C05CBB7AC7}"
EndProject
Global
	GlobalSection(SolutionConfigurationPlatforms) = preSolution
		Debug|x86 = Debug|x86
		Release|x86 = Release|x86
	EndGlobalSection
	GlobalSection(ProjectConfigurationPlatforms) = postSolution
		{AA3021D4-6D71-4C51-BE77-30C05CBB7AC7}.Debug|x86.ActiveCfg = Debug|x86
		{AA3021D4-6D71-4C51-BE77-30C05CBB7AC7}.Debug|x86.Build.0 = Debug|x86
		{AA3021D4-6D71-4C51-BE77-30C05CBB7AC7}.Release|x86.ActiveCfg = Release|x86
		{AA3021D4-6D71-4C51-BE77-30C05CBB7AC7}.Release|x86.Build.0 = Release|x86
	EndGlobalSection
	GlobalSection(SolutionProperties) = preSolution
		HideSolutionNode = FALSE
	EndGlobalSection
EndGlobal
